
Microsoft Visual Studio Solution File, Format Version 12.00
# Visual Studio Version 17
VisualStudioVersion = 17.13.35828.75
MinimumVisualStudioVersion = 10.0.40219.1
Project("{FAE04EC0-301F-11D3-BF4B-00C04F79EFBC}") = "YNGgamevision", "TestModForRepo\YNGgamevision.csproj", "{DF5667D6-D34D-4067-8647-E904005683FD}"
EndProject
Global
	GlobalSection(SolutionConfigurationPlatforms) = preSolution
		Debug|Any CPU = Debug|Any CPU
		Release|Any CPU = Release|Any CPU
	EndGlobalSection
	GlobalSection(ProjectConfigurationPlatforms) = postSolution
		{DF5667D6-D34D-4067-8647-E904005683FD}.Debug|Any CPU.ActiveCfg = Debug|Any CPU
		{DF5667D6-D34D-4067-8647-E904005683FD}.Debug|Any CPU.Build.0 = Debug|Any CPU
		{DF5667D6-D34D-4067-8647-E904005683FD}.Release|Any CPU.ActiveCfg = Release|Any CPU
		{DF5667D6-D34D-4067-8647-E904005683FD}.Release|Any CPU.Build.0 = Release|Any CPU
	EndGlobalSection
	GlobalSection(SolutionProperties) = preSolution
		HideSolutionNode = FALSE
	EndGlobalSection
	GlobalSection(ExtensibilityGlobals) = postSolution
		SolutionGuid = {892CD966-D1F3-4410-8415-F733D2DB3388}
	EndGlobalSection
EndGlobal
